
Microsoft Visual Studio Solution File, Format Version 12.00
# Visual Studio 15
VisualStudioVersion = 15.0.27004.2008
MinimumVisualStudioVersion = 10.0.40219.1
Project("{2150E333-8FDC-42A3-9474-1A3956D46DE8}") = "src", "src", "{106AE906-5075-410A-B941-912F811848EE}"
EndProject
Project("{2150E333-8FDC-42A3-9474-1A3956D46DE8}") = "tests", "tests", "{B31B4797-1D9F-4288-808C-BE9A31A98C7D}"
EndProject
Project("{9A19103F-16F7-4668-BE54-9A1E7A4F7556}") = "cookbook.API", "src\cookbook.API\cookbook.API.csproj", "{F2C961F5-24AD-4B06-A744-553451849A91}"
EndProject
Project("{9A19103F-16F7-4668-BE54-9A1E7A4F7556}") = "cookbook.Models", "src\cookbook.Models\cookbook.Models.csproj", "{4548EB20-1D1B-477B-AF6E-DD55653A6583}"
EndProject
Project("{9A19103F-16F7-4668-BE54-9A1E7A4F7556}") = "cookbook.Data", "src\cookbook.Data\cookbook.Data.csproj", "{220361D6-9C76-4E3F-BD34-3C7B50E2CA4D}"
EndProject
Project("{9A19103F-16F7-4668-BE54-9A1E7A4F7556}") = "cookbook.Interfaces", "src\cookbook.Interfaces\cookbook.Interfaces.csproj", "{4AACD34C-8596-4EA8-8C71-A6AD9AE7B9F0}"
EndProject
Project("{9A19103F-16F7-4668-BE54-9A1E7A4F7556}") = "cookbook.Services", "src\cookbook.Services\cookbook.Services.csproj", "{E0B81A0E-0EE9-4AF8-B3B6-98E47FBF441E}"
EndProject
Project("{9A19103F-16F7-4668-BE54-9A1E7A4F7556}") = "cookbook.Web", "src\cookbook.Web\cookbook.Web.csproj", "{C9751CB7-4CD6-4633-A99A-4F6ADD525437}"
EndProject
Project("{9A19103F-16F7-4668-BE54-9A1E7A4F7556}") = "cookbook.Tests", "tests\cookbook.Tests\cookbook.Tests.csproj", "{AEE17BAB-D187-4BC5-B640-40CC0749566C}"
EndProject
Global
	GlobalSection(SolutionConfigurationPlatforms) = preSolution
		Debug|Any CPU = Debug|Any CPU
		Debug|x64 = Debug|x64
		Debug|x86 = Debug|x86
		Release|Any CPU = Release|Any CPU
		Release|x64 = Release|x64
		Release|x86 = Release|x86
	EndGlobalSection
	GlobalSection(ProjectConfigurationPlatforms) = postSolution
		{4548EB20-1D1B-477B-AF6E-DD55653A6583}.Debug|Any CPU.ActiveCfg = Debug|Any CPU
		{4548EB20-1D1B-477B-AF6E-DD55653A6583}.Debug|Any CPU.Build.0 = Debug|Any CPU
		{4548EB20-1D1B-477B-AF6E-DD55653A6583}.Debug|x64.ActiveCfg = Debug|Any CPU
		{4548EB20-1D1B-477B-AF6E-DD55653A6583}.Debug|x64.Build.0 = Debug|Any CPU
		{4548EB20-1D1B-477B-AF6E-DD55653A6583}.Debug|x86.ActiveCfg = Debug|Any CPU
		{4548EB20-1D1B-477B-AF6E-DD55653A6583}.Debug|x86.Build.0 = Debug|Any CPU
		{4548EB20-1D1B-477B-AF6E-DD55653A6583}.Release|Any CPU.ActiveCfg = Release|Any CPU
		{4548EB20-1D1B-477B-AF6E-DD55653A6583}.Release|Any CPU.Build.0 = Release|Any CPU
		{4548EB20-1D1B-477B-AF6E-DD55653A6583}.Release|x64.ActiveCfg = Release|Any CPU
		{4548EB20-1D1B-477B-AF6E-DD55653A6583}.Release|x64.Build.0 = Release|Any CPU
		{4548EB20-1D1B-477B-AF6E-DD55653A6583}.Release|x86.ActiveCfg = Release|Any CPU
		{4548EB20-1D1B-477B-AF6E-DD55653A6583}.Release|x86.Build.0 = Release|Any CPU
		{220361D6-9C76-4E3F-BD34-3C7B50E2CA4D}.Debug|Any CPU.ActiveCfg = Debug|Any CPU
		{220361D6-9C76-4E3F-BD34-3C7B50E2CA4D}.Debug|Any CPU.Build.0 = Debug|Any CPU
		{220361D6-9C76-4E3F-BD34-3C7B50E2CA4D}.Debug|x64.ActiveCfg = Debug|Any CPU
		{220361D6-9C76-4E3F-BD34-3C7B50E2CA4D}.Debug|x64.Build.0 = Debug|Any CPU
		{220361D6-9C76-4E3F-BD34-3C7B50E2CA4D}.Debug|x86.ActiveCfg = Debug|Any CPU
		{220361D6-9C76-4E3F-BD34-3C7B50E2CA4D}.Debug|x86.Build.0 = Debug|Any CPU
		{220361D6-9C76-4E3F-BD34-3C7B50E2CA4D}.Release|Any CPU.ActiveCfg = Release|Any CPU
		{220361D6-9C76-4E3F-BD34-3C7B50E2CA4D}.Release|Any CPU.Build.0 = Release|Any CPU
		{220361D6-9C76-4E3F-BD34-3C7B50E2CA4D}.Release|x64.ActiveCfg = Release|Any CPU
		{220361D6-9C76-4E3F-BD34-3C7B50E2CA4D}.Release|x64.Build.0 = Release|Any CPU
		{220361D6-9C76-4E3F-BD34-3C7B50E2CA4D}.Release|x86.ActiveCfg = Release|Any CPU
		{220361D6-9C76-4E3F-BD34-3C7B50E2CA4D}.Release|x86.Build.0 = Release|Any CPU
		{4AACD34C-8596-4EA8-8C71-A6AD9AE7B9F0}.Debug|Any CPU.ActiveCfg = Debug|Any CPU
		{4AACD34C-8596-4EA8-8C71-A6AD9AE7B9F0}.Debug|Any CPU.Build.0 = Debug|Any CPU
		{4AACD34C-8596-4EA8-8C71-A6AD9AE7B9F0}.Debug|x64.ActiveCfg = Debug|Any CPU
		{4AACD34C-8596-4EA8-8C71-A6AD9AE7B9F0}.Debug|x64.Build.0 = Debug|Any CPU
		{4AACD34C-8596-4EA8-8C71-A6AD9AE7B9F0}.Debug|x86.ActiveCfg = Debug|Any CPU
		{4AACD34C-8596-4EA8-8C71-A6AD9AE7B9F0}.Debug|x86.Build.0 = Debug|Any CPU
		{4AACD34C-8596-4EA8-8C71-A6AD9AE7B9F0}.Release|Any CPU.ActiveCfg = Release|Any CPU
		{4AACD34C-8596-4EA8-8C71-A6AD9AE7B9F0}.Release|Any CPU.Build.0 = Release|Any CPU
		{4AACD34C-8596-4EA8-8C71-A6AD9AE7B9F0}.Release|x64.ActiveCfg = Release|Any CPU
		{4AACD34C-8596-4EA8-8C71-A6AD9AE7B9F0}.Release|x64.Build.0 = Release|Any CPU
		{4AACD34C-8596-4EA8-8C71-A6AD9AE7B9F0}.Release|x86.ActiveCfg = Release|Any CPU
		{4AACD34C-8596-4EA8-8C71-A6AD9AE7B9F0}.Release|x86.Build.0 = Release|Any CPU
		{E0B81A0E-0EE9-4AF8-B3B6-98E47FBF441E}.Debug|Any CPU.ActiveCfg = Debug|Any CPU
		{E0B81A0E-0EE9-4AF8-B3B6-98E47FBF441E}.Debug|Any CPU.Build.0 = Debug|Any CPU
		{E0B81A0E-0EE9-4AF8-B3B6-98E47FBF441E}.Debug|x64.ActiveCfg = Debug|Any CPU
		{E0B81A0E-0EE9-4AF8-B3B6-98E47FBF441E}.Debug|x64.Build.0 = Debug|Any CPU
		{E0B81A0E-0EE9-4AF8-B3B6-98E47FBF441E}.Debug|x86.ActiveCfg = Debug|Any CPU
		{E0B81A0E-0EE9-4AF8-B3B6-98E47FBF441E}.Debug|x86.Build.0 = Debug|Any CPU
		{E0B81A0E-0EE9-4AF8-B3B6-98E47FBF441E}.Release|Any CPU.ActiveCfg = Release|Any CPU
		{E0B81A0E-0EE9-4AF8-B3B6-98E47FBF441E}.Release|Any CPU.Build.0 = Release|Any CPU
		{E0B81A0E-0EE9-4AF8-B3B6-98E47FBF441E}.Release|x64.ActiveCfg = Release|Any CPU
		{E0B81A0E-0EE9-4AF8-B3B6-98E47FBF441E}.Release|x64.Build.0 = Release|Any CPU
		{E0B81A0E-0EE9-4AF8-B3B6-98E47FBF441E}.Release|x86.ActiveCfg = Release|Any CPU
		{E0B81A0E-0EE9-4AF8-B3B6-98E47FBF441E}.Release|x86.Build.0 = Release|Any CPU
		{C9751CB7-4CD6-4633-A99A-4F6ADD525437}.Debug|Any CPU.ActiveCfg = Debug|Any CPU
		{C9751CB7-4CD6-4633-A99A-4F6ADD525437}.Debug|Any CPU.Build.0 = Debug|Any CPU
		{C9751CB7-4CD6-4633-A99A-4F6ADD525437}.Debug|x64.ActiveCfg = Debug|Any CPU
		{C9751CB7-4CD6-4633-A99A-4F6ADD525437}.Debug|x64.Build.0 = Debug|Any CPU
		{C9751CB7-4CD6-4633-A99A-4F6ADD525437}.Debug|x86.ActiveCfg = Debug|Any CPU
		{C9751CB7-4CD6-4633-A99A-4F6ADD525437}.Debug|x86.Build.0 = Debug|Any CPU
		{C9751CB7-4CD6-4633-A99A-4F6ADD525437}.Release|Any CPU.ActiveCfg = Release|Any CPU
		{C9751CB7-4CD6-4633-A99A-4F6ADD525437}.Release|Any CPU.Build.0 = Release|Any CPU
		{C9751CB7-4CD6-4633-A99A-4F6ADD525437}.Release|x64.ActiveCfg = Release|Any CPU
		{C9751CB7-4CD6-4633-A99A-4F6ADD525437}.Release|x64.Build.0 = Release|Any CPU
		{C9751CB7-4CD6-4633-A99A-4F6ADD525437}.Release|x86.ActiveCfg = Release|Any CPU
		{C9751CB7-4CD6-4633-A99A-4F6ADD525437}.Release|x86.Build.0 = Release|Any CPU
		{AEE17BAB-D187-4BC5-B640-40CC0749566C}.Debug|Any CPU.ActiveCfg = Debug|Any CPU
		{AEE17BAB-D187-4BC5-B640-40CC0749566C}.Debug|Any CPU.Build.0 = Debug|Any CPU
		{AEE17BAB-D187-4BC5-B640-40CC0749566C}.Debug|x64.ActiveCfg = Debug|Any CPU
		{AEE17BAB-D187-4BC5-B640-40CC0749566C}.Debug|x64.Build.0 = Debug|Any CPU
		{AEE17BAB-D187-4BC5-B640-40CC0749566C}.Debug|x86.ActiveCfg = Debug|Any CPU
		{AEE17BAB-D187-4BC5-B640-40CC0749566C}.Debug|x86.Build.0 = Debug|Any CPU
		{AEE17BAB-D187-4BC5-B640-40CC0749566C}.Release|Any CPU.ActiveCfg = Release|Any CPU
		{AEE17BAB-D187-4BC5-B640-40CC0749566C}.Release|Any CPU.Build.0 = Release|Any CPU
		{AEE17BAB-D187-4BC5-B640-40CC0749566C}.Release|x64.ActiveCfg = Release|Any CPU
		{AEE17BAB-D187-4BC5-B640-40CC0749566C}.Release|x64.Build.0 = Release|Any CPU
		{AEE17BAB-D187-4BC5-B640-40CC0749566C}.Release|x86.ActiveCfg = Release|Any CPU
		{AEE17BAB-D187-4BC5-B640-40CC0749566C}.Release|x86.Build.0 = Release|Any CPU
		{F2C961F5-24AD-4B06-A744-553451849A91}.Debug|Any CPU.ActiveCfg = Debug|Any CPU
		{F2C961F5-24AD-4B06-A744-553451849A91}.Debug|Any CPU.Build.0 = Debug|Any CPU
		{F2C961F5-24AD-4B06-A744-553451849A91}.Debug|x64.ActiveCfg = Debug|Any CPU
		{F2C961F5-24AD-4B06-A744-553451849A91}.Debug|x64.Build.0 = Debug|Any CPU
		{F2C961F5-24AD-4B06-A744-553451849A91}.Debug|x86.ActiveCfg = Debug|Any CPU
		{F2C961F5-24AD-4B06-A744-553451849A91}.Debug|x86.Build.0 = Debug|Any CPU
		{F2C961F5-24AD-4B06-A744-553451849A91}.Release|Any CPU.ActiveCfg = Release|Any CPU
		{F2C961F5-24AD-4B06-A744-553451849A91}.Release|Any CPU.Build.0 = Release|Any CPU
		{F2C961F5-24AD-4B06-A744-553451849A91}.Release|x64.ActiveCfg = Release|Any CPU
		{F2C961F5-24AD-4B06-A744-553451849A91}.Release|x64.Build.0 = Release|Any CPU
		{F2C961F5-24AD-4B06-A744-553451849A91}.Release|x86.ActiveCfg = Release|Any CPU
		{F2C961F5-24AD-4B06-A744-553451849A91}.Release|x86.Build.0 = Release|Any CPU
	EndGlobalSection
	GlobalSection(SolutionProperties) = preSolution
		HideSolutionNode = FALSE
	EndGlobalSection
	GlobalSection(NestedProjects) = preSolution
		{4548EB20-1D1B-477B-AF6E-DD55653A6583} = {106AE906-5075-410A-B941-912F811848EE}
		{220361D6-9C76-4E3F-BD34-3C7B50E2CA4D} = {106AE906-5075-410A-B941-912F811848EE}
		{4AACD34C-8596-4EA8-8C71-A6AD9AE7B9F0} = {106AE906-5075-410A-B941-912F811848EE}
		{E0B81A0E-0EE9-4AF8-B3B6-98E47FBF441E} = {106AE906-5075-410A-B941-912F811848EE}
		{C9751CB7-4CD6-4633-A99A-4F6ADD525437} = {106AE906-5075-410A-B941-912F811848EE}
		{AEE17BAB-D187-4BC5-B640-40CC0749566C} = {B31B4797-1D9F-4288-808C-BE9A31A98C7D}
		{F2C961F5-24AD-4B06-A744-553451849A91} = {106AE906-5075-410A-B941-912F811848EE}
	EndGlobalSection
	GlobalSection(ExtensibilityGlobals) = postSolution
		SolutionGuid = {B0F19343-8185-4A9F-9165-0EA8544BC925}
	EndGlobalSection
EndGlobal
